PODS:
  - MediaPipeTasksGenAI (19.0.0):
    - MediaPipeTasksGenAIC (= 19.0.0)
  - MediaPipeTasksGenAIC (19.0.0)

DEPENDENCIES:
  - MediaPipeTasksGenAI

SPEC REPOS:
  https://github.com/priankakariatyml/mpp-task-pod-test.git:
    - MediaPipeTasksGenAI
    - MediaPipeTasksGenAIC

SPEC CHECKSUMS:
  MediaPipeTasksGenAI: 52df3ee3e8b6d4c2e89757fb78f8278a5b5b03f0
  MediaPipeTasksGenAIC: bc6924fa755d81a3eb1076508b710d8df7479050

PODFILE CHECKSUM: 969ae0fe28dc0a278b683453532f3162292e621c

COCOAPODS: 1.15.2
