PODS:
  - MediaPipeTasksCommon (7.0.0)
  - MediaPipeTasksVision (7.0.0):
    - MediaPipeTasksCommon (= 7.0.0)

DEPENDENCIES:
  - MediaPipeTasksVision (= 7.0.0)

SPEC REPOS:
  https://github.com/priankakariatyml/mpp-task-pod-test.git:
    - MediaPipeTasksCommon
    - MediaPipeTasksVision

SPEC CHECKSUMS:
  MediaPipeTasksCommon: 0a933004720b9b02c0a75966e9a1433d34904d6b
  MediaPipeTasksVision: 89fc7d6743e6172134e81fc39a3290e9be10d94a

PODFILE CHECKSUM: b2c6dbd13f14669e54c9e15c9bf413adb1ae38da

COCOAPODS: 1.12.1
